{
  "object": {
    "pins": [
      {
        "package": "UIUTest",
        "repositoryURL": "https://github.com/nallick/UIUTest.git",
        "state": {
          "branch": null,
          "revision": "33cc7be1352dfdb37984e38e4276daa65030c5bc",
          "version": "1.8.0"
        }
      }
    ]
  },
  "version": 1
}
